
Microsoft Visual Studio Solution File, Format Version 12.00
# Visual Studio Version 17
VisualStudioVersion = 17.9.34902.65
MinimumVisualStudioVersion = 10.0.40219.1
Project("{FAE04EC0-301F-11D3-BF4B-00C04F79EFBC}") = "PageProject", "PageProject.csproj", "{2428D36B-9F8D-4D85-B87A-D4FC45B10AD4}"
EndProject
Global
	GlobalSection(SolutionConfigurationPlatforms) = preSolution
		Debug|Any CPU = Debug|Any CPU
		Release|Any CPU = Release|Any CPU
	EndGlobalSection
	GlobalSection(ProjectConfigurationPlatforms) = postSolution
		{2428D36B-9F8D-4D85-B87A-D4FC45B10AD4}.Debug|Any CPU.ActiveCfg = Debug|Any CPU
		{2428D36B-9F8D-4D85-B87A-D4FC45B10AD4}.Debug|Any CPU.Build.0 = Debug|Any CPU
		{2428D36B-9F8D-4D85-B87A-D4FC45B10AD4}.Release|Any CPU.ActiveCfg = Release|Any CPU
		{2428D36B-9F8D-4D85-B87A-D4FC45B10AD4}.Release|Any CPU.Build.0 = Release|Any CPU
	EndGlobalSection
	GlobalSection(SolutionProperties) = preSolution
		HideSolutionNode = FALSE
	EndGlobalSection
	GlobalSection(ExtensibilityGlobals) = postSolution
		SolutionGuid = {179C6E6E-59ED-4B8D-9533-C2DFD84A8809}
	EndGlobalSection
EndGlobal
